
Microsoft Visual Studio Solution File, Format Version 12.00
# Visual Studio 14
VisualStudioVersion = 14.0.25420.1
MinimumVisualStudioVersion = 10.0.40219.1
Project("{8BC9CEB8-8B4A-11D0-8D11-00A0C91BC942}") = "API_Framework", "API_Framework\API_Framework.vcxproj", "{139D36B2-DE14-4C6B-BE51-F103E1988EBC}"
EndProject
Project("{8BC9CEB8-8B4A-11D0-8D11-00A0C91BC942}") = "Editor", "Editor\Editor.vcxproj", "{5D1EA60A-D403-4B51-BFDD-3FF0159C2F80}"
EndProject
Project("{2150E333-8FDC-42A3-9474-1A3956D46DE8}") = "00.Headers", "00.Headers", "{C2DBAC95-274B-443E-B05E-4489682D7524}"
	ProjectSection(SolutionItems) = preProject
		Headers\Include.h = Headers\Include.h
	EndProjectSection
EndProject
Project("{2150E333-8FDC-42A3-9474-1A3956D46DE8}") = "Include", "Include", "{78ABD389-82D1-4E19-A5EB-FBBC5B95EF13}"
	ProjectSection(SolutionItems) = preProject
		Headers\AbstractFactory.h = Headers\AbstractFactory.h
		Headers\Define.h = Headers\Define.h
		Headers\Enum.h = Headers\Enum.h
		Headers\Extern.h = Headers\Extern.h
		Headers\Function.h = Headers\Function.h
		Headers\Functor.h = Headers\Functor.h
		Headers\Struct.h = Headers\Struct.h
	EndProjectSection
EndProject
Global
	GlobalSection(SolutionConfigurationPlatforms) = preSolution
		Debug|x64 = Debug|x64
		Debug|x86 = Debug|x86
		Release|x64 = Release|x64
		Release|x86 = Release|x86
	EndGlobalSection
	GlobalSection(ProjectConfigurationPlatforms) = postSolution
		{139D36B2-DE14-4C6B-BE51-F103E1988EBC}.Debug|x64.ActiveCfg = Debug|x64
		{139D36B2-DE14-4C6B-BE51-F103E1988EBC}.Debug|x64.Build.0 = Debug|x64
		{139D36B2-DE14-4C6B-BE51-F103E1988EBC}.Debug|x86.ActiveCfg = Debug|Win32
		{139D36B2-DE14-4C6B-BE51-F103E1988EBC}.Debug|x86.Build.0 = Debug|Win32
		{139D36B2-DE14-4C6B-BE51-F103E1988EBC}.Release|x64.ActiveCfg = Release|x64
		{139D36B2-DE14-4C6B-BE51-F103E1988EBC}.Release|x64.Build.0 = Release|x64
		{139D36B2-DE14-4C6B-BE51-F103E1988EBC}.Release|x86.ActiveCfg = Release|Win32
		{139D36B2-DE14-4C6B-BE51-F103E1988EBC}.Release|x86.Build.0 = Release|Win32
		{5D1EA60A-D403-4B51-BFDD-3FF0159C2F80}.Debug|x64.ActiveCfg = Debug|x64
		{5D1EA60A-D403-4B51-BFDD-3FF0159C2F80}.Debug|x64.Build.0 = Debug|x64
		{5D1EA60A-D403-4B51-BFDD-3FF0159C2F80}.Debug|x86.ActiveCfg = Debug|Win32
		{5D1EA60A-D403-4B51-BFDD-3FF0159C2F80}.Debug|x86.Build.0 = Debug|Win32
		{5D1EA60A-D403-4B51-BFDD-3FF0159C2F80}.Release|x64.ActiveCfg = Release|x64
		{5D1EA60A-D403-4B51-BFDD-3FF0159C2F80}.Release|x64.Build.0 = Release|x64
		{5D1EA60A-D403-4B51-BFDD-3FF0159C2F80}.Release|x86.ActiveCfg = Release|Win32
		{5D1EA60A-D403-4B51-BFDD-3FF0159C2F80}.Release|x86.Build.0 = Release|Win32
	EndGlobalSection
	GlobalSection(SolutionProperties) = preSolution
		HideSolutionNode = FALSE
	EndGlobalSection
	GlobalSection(NestedProjects) = preSolution
		{78ABD389-82D1-4E19-A5EB-FBBC5B95EF13} = {C2DBAC95-274B-443E-B05E-4489682D7524}
	EndGlobalSection
EndGlobal
