<?xml version="1.0" encoding="utf-8"?>
<Project ToolsVersion="4.0" xmlns="http://schemas.microsoft.com/developer/msbuild/2003">
  <ItemGroup>
    <Filter Include="MainFrame">
      <UniqueIdentifier>{f41b541f-72ed-480b-ac3e-272d629d7a0f}</UniqueIdentifier>
    </Filter>
    <Filter Include="Document">
      <UniqueIdentifier>{b6860aac-5fd7-4b08-8fdd-148de3846a01}</UniqueIdentifier>
    </Filter>
    <Filter Include="Default">
      <UniqueIdentifier>{8548fbd7-50b8-447b-89e3-03167fedfd60}</UniqueIdentifier>
    </Filter>
    <Filter Include="CGraphic_Device">
      <UniqueIdentifier>{ca173745-a3b3-456e-b333-c3432daa2a3f}</UniqueIdentifier>
    </Filter>
    <Filter Include="Headers">
      <UniqueIdentifier>{b6b0ec95-2f53-44a1-afac-3ded056c216a}</UniqueIdentifier>
    </Filter>
    <Filter Include="Texture">
      <UniqueIdentifier>{e14613e8-145a-4309-a8fa-39a72b55fe46}</UniqueIdentifier>
    </Filter>
    <Filter Include="Texture\음소거.">
      <UniqueIdentifier>{74d56112-043d-4a3b-9c9f-87c28a48a217}</UniqueIdentifier>
    </Filter>
    <Filter Include="Texture\Manager">
      <UniqueIdentifier>{f97ad219-4e28-4370-8450-e40bbd7234a0}</UniqueIdentifier>
    </Filter>
    <Filter Include="Texture\Multi_Texture">
      <UniqueIdentifier>{58431b3e-ce05-4146-bbec-a391786367f0}</UniqueIdentifier>
    </Filter>
    <Filter Include="Terrain">
      <UniqueIdentifier>{55e07144-e650-4781-aa04-0174646ffac3}</UniqueIdentifier>
    </Filter>
    <Filter Include="00.View">
      <UniqueIdentifier>{f81798be-79f8-4d68-a844-4e27f6cdb717}</UniqueIdentifier>
    </Filter>
    <Filter Include="00.View\MiniView">
      <UniqueIdentifier>{9dedf30c-d6f9-4073-9af3-12b50dfc339b}</UniqueIdentifier>
    </Filter>
    <Filter Include="00.View\Formview">
      <UniqueIdentifier>{5fa32871-2fe3-4f45-a269-89a38488f137}</UniqueIdentifier>
    </Filter>
    <Filter Include="00.View\Dialog">
      <UniqueIdentifier>{fb6cbd2a-52a3-4bae-8618-3e56c217b731}</UniqueIdentifier>
    </Filter>
    <Filter Include="00.View\Dialog\UnitTool">
      <UniqueIdentifier>{8806f6f1-c4ef-421b-9133-e6d2d6bbca74}</UniqueIdentifier>
    </Filter>
    <Filter Include="00.View\Dialog\MapTool">
      <UniqueIdentifier>{7e81a7b9-1b20-4e65-b0a1-7d9f532ef151}</UniqueIdentifier>
    </Filter>
    <Filter Include="FileInfo">
      <UniqueIdentifier>{18cea5bc-4cee-40ed-af8f-8b7a71ff3a40}</UniqueIdentifier>
    </Filter>
    <Filter Include="00.View\Dialog\PathExtraction">
      <UniqueIdentifier>{bfff8905-03e1-41a5-8fee-e4cb95e8a159}</UniqueIdentifier>
    </Filter>
  </ItemGroup>
  <ItemGroup>
    <ClInclude Include="ToolView.h">
      <Filter>00.View</Filter>
    </ClInclude>
    <ClInclude Include="ToolDoc.h">
      <Filter>Document</Filter>
    </ClInclude>
    <ClInclude Include="MainFrm.h">
      <Filter>MainFrame</Filter>
    </ClInclude>
    <ClInclude Include="Resource.h">
      <Filter>Default</Filter>
    </ClInclude>
    <ClInclude Include="stdafx.h">
      <Filter>Default</Filter>
    </ClInclude>
    <ClInclude Include="targetver.h">
      <Filter>Default</Filter>
    </ClInclude>
    <ClInclude Include="Tool.h">
      <Filter>Default</Filter>
    </ClInclude>
    <ClInclude Include="Graphic_Device.h">
      <Filter>CGraphic_Device</Filter>
    </ClInclude>
    <ClInclude Include="Texture.h">
      <Filter>Texture</Filter>
    </ClInclude>
    <ClInclude Include="Single_Texture.h">
      <Filter>Texture\음소거.</Filter>
    </ClInclude>
    <ClInclude Include="Texture_Manager.h">
      <Filter>Texture\Manager</Filter>
    </ClInclude>
    <ClInclude Include="Multi_Texture.h">
      <Filter>Texture\Multi_Texture</Filter>
    </ClInclude>
    <ClInclude Include="Terrain.h">
      <Filter>Terrain</Filter>
    </ClInclude>
    <ClInclude Include="MiniView.h">
      <Filter>00.View\MiniView</Filter>
    </ClInclude>
    <ClInclude Include="MFormView.h">
      <Filter>00.View\Formview</Filter>
    </ClInclude>
    <ClInclude Include="UnitTool.h">
      <Filter>00.View\Dialog\UnitTool</Filter>
    </ClInclude>
    <ClInclude Include="MapTool.h">
      <Filter>00.View\Dialog\MapTool</Filter>
    </ClInclude>
    <ClInclude Include="FileInfo.h">
      <Filter>FileInfo</Filter>
    </ClInclude>
    <ClInclude Include="FilePathExtraction.h">
      <Filter>00.View\Dialog\PathExtraction</Filter>
    </ClInclude>
  </ItemGroup>
  <ItemGroup>
    <ClCompile Include="ToolView.cpp">
      <Filter>00.View</Filter>
    </ClCompile>
    <ClCompile Include="ToolDoc.cpp">
      <Filter>Document</Filter>
    </ClCompile>
    <ClCompile Include="MainFrm.cpp">
      <Filter>MainFrame</Filter>
    </ClCompile>
    <ClCompile Include="stdafx.cpp">
      <Filter>Default</Filter>
    </ClCompile>
    <ClCompile Include="Tool.cpp">
      <Filter>Default</Filter>
    </ClCompile>
    <ClCompile Include="Graphic_Device.cpp">
      <Filter>CGraphic_Device</Filter>
    </ClCompile>
    <ClCompile Include="Texture.cpp">
      <Filter>Texture</Filter>
    </ClCompile>
    <ClCompile Include="Single_Texture.cpp">
      <Filter>Texture\음소거.</Filter>
    </ClCompile>
    <ClCompile Include="Texture_Manager.cpp">
      <Filter>Texture\Manager</Filter>
    </ClCompile>
    <ClCompile Include="Multi_Texture.cpp">
      <Filter>Texture\Multi_Texture</Filter>
    </ClCompile>
    <ClCompile Include="Terrain.cpp">
      <Filter>Terrain</Filter>
    </ClCompile>
    <ClCompile Include="MiniView.cpp">
      <Filter>00.View\MiniView</Filter>
    </ClCompile>
    <ClCompile Include="MFormView.cpp">
      <Filter>00.View\Formview</Filter>
    </ClCompile>
    <ClCompile Include="UnitTool.cpp">
      <Filter>00.View\Dialog\UnitTool</Filter>
    </ClCompile>
    <ClCompile Include="MapTool.cpp">
      <Filter>00.View\Dialog\MapTool</Filter>
    </ClCompile>
    <ClCompile Include="FileInfo.cpp">
      <Filter>FileInfo</Filter>
    </ClCompile>
    <ClCompile Include="FilePathExtraction.cpp">
      <Filter>00.View\Dialog\PathExtraction</Filter>
    </ClCompile>
  </ItemGroup>
  <ItemGroup>
    <Image Include="res\Tool.ico">
      <Filter>Default</Filter>
    </Image>
    <Image Include="res\Toolbar.bmp">
      <Filter>Default</Filter>
    </Image>
    <Image Include="res\ToolDoc.ico">
      <Filter>Default</Filter>
    </Image>
  </ItemGroup>
  <ItemGroup>
    <ResourceCompile Include="Tool.rc">
      <Filter>Default</Filter>
    </ResourceCompile>
  </ItemGroup>
  <ItemGroup>
    <None Include="res\Tool.rc2">
      <Filter>Default</Filter>
    </None>
  </ItemGroup>
  <ItemGroup>
    <Text Include="ReadMe.txt">
      <Filter>Default</Filter>
    </Text>
  </ItemGroup>
</Project>